// !$*UTF8*$!
{
	archiveVersion = 1;
	classes = {
	};
	objectVersion = 56;
	objects = {

/* Begin PBXBuildFile section */
		03B087BB2C6C819700E1DD37 /* LiveCodingSwiftUIApp.swift in Sources */ = {isa = PBXBuildFile; fileRef = 03B087BA2C6C819700E1DD37 /* LiveCodingSwiftUIApp.swift */; };
		03B087BD2C6C819700E1DD37 /* ContentView.swift in Sources */ = {isa = PBXBuildFile; fileRef = 03B087BC2C6C819700E1DD37 /* ContentView.swift */; };
		03B087BF2C6C819900E1DD37 /* Assets.xcassets in Resources */ = {isa = PBXBuildFile; fileRef = 03B087BE2C6C819900E1DD37 /* Assets.xcassets */; };
		03B087C22C6C819900E1DD37 /* Preview Assets.xcassets in Resources */ = {isa = PBXBuildFile; fileRef = 03B087C12C6C819900E1DD37 /* Preview Assets.xcassets */; };
		03B087CC2C6C819900E1DD37 /* LiveCodingSwiftUITests.swift in Sources */ = {isa = PBXBuildFile; fileRef = 03B087CB2C6C819900E1DD37 /* LiveCodingSwiftUITests.swift */; };
		03B087D62C6C819900E1DD37 /* LiveCodingSwiftUIUITests.swift in Sources */ = {isa = PBXBuildFile; fileRef = 03B087D52C6C819900E1DD37 /* LiveCodingSwiftUIUITests.swift */; };
		03B087D82C6C819900E1DD37 /* LiveCodingSwiftUIUITestsLaunchTests.swift in Sources */ = {isa = PBXBuildFile; fileRef = 03B087D72C6C819900E1DD37 /* LiveCodingSwiftUIUITestsLaunchTests.swift */; };
/* End PBXBuildFile section */

/* Begin PBXContainerItemProxy section */
		03B087C82C6C819900E1DD37 /* PBXContainerItemProxy */ = {
			isa = PBXContainerItemProxy;
			containerPortal = 03B087AF2C6C819700E1DD37 /* Project object */;
			proxyType = 1;
			remoteGlobalIDString = 03B087B62C6C819700E1DD37;
			remoteInfo = LiveCodingSwiftUI;
		};
		03B087D22C6C819900E1DD37 /* PBXContainerItemProxy */ = {
			isa = PBXContainerItemProxy;
			containerPortal = 03B087AF2C6C819700E1DD37 /* Project object */;
			proxyType = 1;
			remoteGlobalIDString = 03B087B62C6C819700E1DD37;
			remoteInfo = LiveCodingSwiftUI;
		};
/* End PBXContainerItemProxy section */

/* Begin PBXFileReference section */
		03B087B72C6C819700E1DD37 /* LiveCodingSwiftUI.app */ = {isa = PBXFileReference; explicitFileType = wrapper.application; includeInIndex = 0; path = LiveCodingSwiftUI.app; sourceTree = BUILT_PRODUCTS_DIR; };
		03B087BA2C6C819700E1DD37 /* LiveCodingSwiftUIApp.swift */ = {isa = PBXFileReference; lastKnownFileType = sourcecode.swift; path = LiveCodingSwiftUIApp.swift; sourceTree = "<group>"; };
		03B087BC2C6C819700E1DD37 /* ContentView.swift */ = {isa = PBXFileReference; lastKnownFileType = sourcecode.swift; path = ContentView.swift; sourceTree = "<group>"; };
		03B087BE2C6C819900E1DD37 /* Assets.xcassets */ = {isa = PBXFileReference; lastKnownFileType = folder.assetcatalog; path = Assets.xcassets; sourceTree = "<group>"; };
		03B087C12C6C819900E1DD37 /* Preview Assets.xcassets */ = {isa = PBXFileReference; lastKnownFileType = folder.assetcatalog; path = "Preview Assets.xcassets"; sourceTree = "<group>"; };
		03B087C72C6C819900E1DD37 /* LiveCodingSwiftUITests.xctest */ = {isa = PBXFileReference; explicitFileType = wrapper.cfbundle; includeInIndex = 0; path = LiveCodingSwiftUITests.xctest; sourceTree = BUILT_PRODUCTS_DIR; };
		03B087CB2C6C819900E1DD37 /* LiveCodingSwiftUITests.swift */ = {isa = PBXFileReference; lastKnownFileType = sourcecode.swift; path = LiveCodingSwiftUITests.swift; sourceTree = "<group>"; };
		03B087D12C6C819900E1DD37 /* LiveCodingSwiftUIUITests.xctest */ = {isa = PBXFileReference; explicitFileType = wrapper.cfbundle; includeInIndex = 0; path = LiveCodingSwiftUIUITests.xctest; sourceTree = BUILT_PRODUCTS_DIR; };
		03B087D52C6C819900E1DD37 /* LiveCodingSwiftUIUITests.swift */ = {isa = PBXFileReference; lastKnownFileType = sourcecode.swift; path = LiveCodingSwiftUIUITests.swift; sourceTree = "<group>"; };
		03B087D72C6C819900E1DD37 /* LiveCodingSwiftUIUITestsLaunchTests.swift */ = {isa = PBXFileReference; lastKnownFileType = sourcecode.swift; path = LiveCodingSwiftUIUITestsLaunchTests.swift; sourceTree = "<group>"; };
/* End PBXFileReference section */

/* Begin PBXFrameworksBuildPhase section */
		03B087B42C6C819700E1DD37 /* Frameworks */ = {
			isa = PBXFrameworksBuildPhase;
			buildActionMask = 2147483647;
			files = (
			);
			runOnlyForDeploymentPostprocessing = 0;
		};
		03B087C42C6C819900E1DD37 /* Frameworks */ = {
			isa = PBXFrameworksBuildPhase;
			buildActionMask = 2147483647;
			files = (
			);
			runOnlyForDeploymentPostprocessing = 0;
		};
		03B087CE2C6C819900E1DD37 /* Frameworks */ = {
			isa = PBXFrameworksBuildPhase;
			buildActionMask = 2147483647;
			files = (
			);
			runOnlyForDeploymentPostprocessing = 0;
		};
/* End PBXFrameworksBuildPhase section */

/* Begin PBXGroup section */
		03B087AE2C6C819700E1DD37 = {
			isa = PBXGroup;
			children = (
				03B087B92C6C819700E1DD37 /* LiveCodingSwiftUI */,
				03B087CA2C6C819900E1DD37 /* LiveCodingSwiftUITests */,
				03B087D42C6C819900E1DD37 /* LiveCodingSwiftUIUITests */,
				03B087B82C6C819700E1DD37 /* Products */,
			);
			sourceTree = "<group>";
		};
		03B087B82C6C819700E1DD37 /* Products */ = {
			isa = PBXGroup;
			children = (
				03B087B72C6C819700E1DD37 /* LiveCodingSwiftUI.app */,
				03B087C72C6C819900E1DD37 /* LiveCodingSwiftUITests.xctest */,
				03B087D12C6C819900E1DD37 /* LiveCodingSwiftUIUITests.xctest */,
			);
			name = Products;
			sourceTree = "<group>";
		};
		03B087B92C6C819700E1DD37 /* LiveCodingSwiftUI */ = {
			isa = PBXGroup;
			children = (
				03B087BA2C6C819700E1DD37 /* LiveCodingSwiftUIApp.swift */,
				03B087BC2C6C819700E1DD37 /* ContentView.swift */,
				03B087BE2C6C819900E1DD37 /* Assets.xcassets */,
				03B087C02C6C819900E1DD37 /* Preview Content */,
			);
			path = LiveCodingSwiftUI;
			sourceTree = "<group>";
		};
		03B087C02C6C819900E1DD37 /* Preview Content */ = {
			isa = PBXGroup;
			children = (
				03B087C12C6C819900E1DD37 /* Preview Assets.xcassets */,
			);
			path = "Preview Content";
			sourceTree = "<group>";
		};
		03B087CA2C6C819900E1DD37 /* LiveCodingSwiftUITests */ = {
			isa = PBXGroup;
			children = (
				03B087CB2C6C819900E1DD37 /* LiveCodingSwiftUITests.swift */,
			);
			path = LiveCodingSwiftUITests;
			sourceTree = "<group>";
		};
		03B087D42C6C819900E1DD37 /* LiveCodingSwiftUIUITests */ = {
			isa = PBXGroup;
			children = (
				03B087D52C6C819900E1DD37 /* LiveCodingSwiftUIUITests.swift */,
				03B087D72C6C819900E1DD37 /* LiveCodingSwiftUIUITestsLaunchTests.swift */,
			);
			path = LiveCodingSwiftUIUITests;
			sourceTree = "<group>";
		};
/* End PBXGroup section */

/* Begin PBXNativeTarget section */
		03B087B62C6C819700E1DD37 /* LiveCodingSwiftUI */ = {
			isa = PBXNativeTarget;
			buildConfigurationList = 03B087DB2C6C819900E1DD37 /* Build configuration list for PBXNativeTarget "LiveCodingSwiftUI" */;
			buildPhases = (
				03B087B32C6C819700E1DD37 /* Sources */,
				03B087B42C6C819700E1DD37 /* Frameworks */,
				03B087B52C6C819700E1DD37 /* Resources */,
			);
			buildRules = (
			);
			dependencies = (
			);
			name = LiveCodingSwiftUI;
			productName = LiveCodingSwiftUI;
			productReference = 03B087B72C6C819700E1DD37 /* LiveCodingSwiftUI.app */;
			productType = "com.apple.product-type.application";
		};
		03B087C62C6C819900E1DD37 /* LiveCodingSwiftUITests */ = {
			isa = PBXNativeTarget;
			buildConfigurationList = 03B087DE2C6C819900E1DD37 /* Build configuration list for PBXNativeTarget "LiveCodingSwiftUITests" */;
			buildPhases = (
				03B087C32C6C819900E1DD37 /* Sources */,
				03B087C42C6C819900E1DD37 /* Frameworks */,
				03B087C52C6C819900E1DD37 /* Resources */,
			);
			buildRules = (
			);
			dependencies = (
				03B087C92C6C819900E1DD37 /* PBXTargetDependency */,
			);
			name = LiveCodingSwiftUITests;
			productName = LiveCodingSwiftUITests;
			productReference = 03B087C72C6C819900E1DD37 /* LiveCodingSwiftUITests.xctest */;
			productType = "com.apple.product-type.bundle.unit-test";
		};
		03B087D02C6C819900E1DD37 /* LiveCodingSwiftUIUITests */ = {
			isa = PBXNativeTarget;
			buildConfigurationList = 03B087E12C6C819900E1DD37 /* Build configuration list for PBXNativeTarget "LiveCodingSwiftUIUITests" */;
			buildPhases = (
				03B087CD2C6C819900E1DD37 /* Sources */,
				03B087CE2C6C819900E1DD37 /* Frameworks */,
				03B087CF2C6C819900E1DD37 /* Resources */,
			);
			buildRules = (
			);
			dependencies = (
				03B087D32C6C819900E1DD37 /* PBXTargetDependency */,
			);
			name = LiveCodingSwiftUIUITests;
			productName = LiveCodingSwiftUIUITests;
			productReference = 03B087D12C6C819900E1DD37 /* LiveCodingSwiftUIUITests.xctest */;
			productType = "com.apple.product-type.bundle.ui-testing";
		};
/* End PBXNativeTarget section */

/* Begin PBXProject section */
		03B087AF2C6C819700E1DD37 /* Project object */ = {
			isa = PBXProject;
			attributes = {
				BuildIndependentTargetsInParallel = 1;
				LastSwiftUpdateCheck = 1530;
				LastUpgradeCheck = 1530;
				TargetAttributes = {
					03B087B62C6C819700E1DD37 = {
						CreatedOnToolsVersion = 15.3;
					};
					03B087C62C6C819900E1DD37 = {
						CreatedOnToolsVersion = 15.3;
						TestTargetID = 03B087B62C6C819700E1DD37;
					};
					03B087D02C6C819900E1DD37 = {
						CreatedOnToolsVersion = 15.3;
						TestTargetID = 03B087B62C6C819700E1DD37;
					};
				};
			};
			buildConfigurationList = 03B087B22C6C819700E1DD37 /* Build configuration list for PBXProject "LiveCodingSwiftUI" */;
			compatibilityVersion = "Xcode 14.0";
			developmentRegion = en;
			hasScannedForEncodings = 0;
			knownRegions = (
				en,
				Base,
			);
			mainGroup = 03B087AE2C6C819700E1DD37;
			productRefGroup = 03B087B82C6C819700E1DD37 /* Products */;
			projectDirPath = "";
			projectRoot = "";
			targets = (
				03B087B62C6C819700E1DD37 /* LiveCodingSwiftUI */,
				03B087C62C6C819900E1DD37 /* LiveCodingSwiftUITests */,
				03B087D02C6C819900E1DD37 /* LiveCodingSwiftUIUITests */,
			);
		};
/* End PBXProject section */

/* Begin PBXResourcesBuildPhase section */
		03B087B52C6C819700E1DD37 /* Resources */ = {
			isa = PBXResourcesBuildPhase;
			buildActionMask = 2147483647;
			files = (
				03B087C22C6C819900E1DD37 /* Preview Assets.xcassets in Resources */,
				03B087BF2C6C819900E1DD37 /* Assets.xcassets in Resources */,
			);
			runOnlyForDeploymentPostprocessing = 0;
		};
		03B087C52C6C819900E1DD37 /* Resources */ = {
			isa = PBXResourcesBuildPhase;
			buildActionMask = 2147483647;
			files = (
			);
			runOnlyForDeploymentPostprocessing = 0;
		};
		03B087CF2C6C819900E1DD37 /* Resources */ = {
			isa = PBXResourcesBuildPhase;
			buildActionMask = 2147483647;
			files = (
			);
			runOnlyForDeploymentPostprocessing = 0;
		};
/* End PBXResourcesBuildPhase section */

/* Begin PBXSourcesBuildPhase section */
		03B087B32C6C819700E1DD37 /* Sources */ = {
			isa = PBXSourcesBuildPhase;
			buildActionMask = 2147483647;
			files = (
				03B087BD2C6C819700E1DD37 /* ContentView.swift in Sources */,
				03B087BB2C6C819700E1DD37 /* LiveCodingSwiftUIApp.swift in Sources */,
			);
			runOnlyForDeploymentPostprocessing = 0;
		};
		03B087C32C6C819900E1DD37 /* Sources */ = {
			isa = PBXSourcesBuildPhase;
			buildActionMask = 2147483647;
			files = (
				03B087CC2C6C819900E1DD37 /* LiveCodingSwiftUITests.swift in Sources */,
			);
			runOnlyForDeploymentPostprocessing = 0;
		};
		03B087CD2C6C819900E1DD37 /* Sources */ = {
			isa = PBXSourcesBuildPhase;
			buildActionMask = 2147483647;
			files = (
				03B087D82C6C819900E1DD37 /* LiveCodingSwiftUIUITestsLaunchTests.swift in Sources */,
				03B087D62C6C819900E1DD37 /* LiveCodingSwiftUIUITests.swift in Sources */,
			);
			runOnlyForDeploymentPostprocessing = 0;
		};
/* End PBXSourcesBuildPhase section */

/* Begin PBXTargetDependency section */
		03B087C92C6C819900E1DD37 /* PBXTargetDependency */ = {
			isa = PBXTargetDependency;
			target = 03B087B62C6C819700E1DD37 /* LiveCodingSwiftUI */;
			targetProxy = 03B087C82C6C819900E1DD37 /* PBXContainerItemProxy */;
		};
		03B087D32C6C819900E1DD37 /* PBXTargetDependency */ = {
			isa = PBXTargetDependency;
			target = 03B087B62C6C819700E1DD37 /* LiveCodingSwiftUI */;
			targetProxy = 03B087D22C6C819900E1DD37 /* PBXContainerItemProxy */;
		};
/* End PBXTargetDependency section */

/* Begin XCBuildConfiguration section */
		03B087D92C6C819900E1DD37 /* Debug */ = {
			isa = XCBuildConfiguration;
			buildSettings = {
				ALWAYS_SEARCH_USER_PATHS = NO;
				ASSETCATALOG_COMPILER_GENERATE_SWIFT_ASSET_SYMBOL_EXTENSIONS = YES;
				CLANG_ANALYZER_NONNULL = YES;
				CLANG_ANALYZER_NUMBER_OBJECT_CONVERSION = YES_AGGRESSIVE;
				CLANG_CXX_LANGUAGE_STANDARD = "gnu++20";
				CLANG_ENABLE_MODULES = YES;
				CLANG_ENABLE_OBJC_ARC = YES;
				CLANG_ENABLE_OBJC_WEAK = YES;
				CLANG_WARN_BLOCK_CAPTURE_AUTORELEASING = YES;
				CLANG_WARN_BOOL_CONVERSION = YES;
				CLANG_WARN_COMMA = YES;
				CLANG_WARN_CONSTANT_CONVERSION = YES;
				CLANG_WARN_DEPRECATED_OBJC_IMPLEMENTATIONS = YES;
				CLANG_WARN_DIRECT_OBJC_ISA_USAGE = YES_ERROR;
				CLANG_WARN_DOCUMENTATION_COMMENTS = YES;
				CLANG_WARN_EMPTY_BODY = YES;
				CLANG_WARN_ENUM_CONVERSION = YES;
				CLANG_WARN_INFINITE_RECURSION = YES;
				CLANG_WARN_INT_CONVERSION = YES;
				CLANG_WARN_NON_LITERAL_NULL_CONVERSION = YES;
				CLANG_WARN_OBJC_IMPLICIT_RETAIN_SELF = YES;
				CLANG_WARN_OBJC_LITERAL_CONVERSION = YES;
				CLANG_WARN_OBJC_ROOT_CLASS = YES_ERROR;
				CLANG_WARN_QUOTED_INCLUDE_IN_FRAMEWORK_HEADER = YES;
				CLANG_WARN_RANGE_LOOP_ANALYSIS = YES;
				CLANG_WARN_STRICT_PROTOTYPES = YES;
				CLANG_WARN_SUSPICIOUS_MOVE = YES;
				CLANG_WARN_UNGUARDED_AVAILABILITY = YES_AGGRESSIVE;
				CLANG_WARN_UNREACHABLE_CODE = YES;
				CLANG_WARN__DUPLICATE_METHOD_MATCH = YES;
				COPY_PHASE_STRIP = NO;
				DEBUG_INFORMATION_FORMAT = dwarf;
				ENABLE_STRICT_OBJC_MSGSEND = YES;
				ENABLE_TESTABILITY = YES;
				ENABLE_USER_SCRIPT_SANDBOXING = YES;
				GCC_C_LANGUAGE_STANDARD = gnu17;
				GCC_DYNAMIC_NO_PIC = NO;
				GCC_NO_COMMON_BLOCKS = YES;
				GCC_OPTIMIZATION_LEVEL = 0;
				GCC_PREPROCESSOR_DEFINITIONS = (
					"DEBUG=1",
					"$(inherited)",
				);
				GCC_WARN_64_TO_32_BIT_CONVERSION = YES;
				GCC_WARN_ABOUT_RETURN_TYPE = YES_ERROR;
				GCC_WARN_UNDECLARED_SELECTOR = YES;
				GCC_WARN_UNINITIALIZED_AUTOS = YES_AGGRESSIVE;
				GCC_WARN_UNUSED_FUNCTION = YES;
				GCC_WARN_UNUSED_VARIABLE = YES;
				IPHONEOS_DEPLOYMENT_TARGET = 17.4;
				LOCALIZATION_PREFERS_STRING_CATALOGS = YES;
				MTL_ENABLE_DEBUG_INFO = INCLUDE_SOURCE;
				MTL_FAST_MATH = YES;
				ONLY_ACTIVE_ARCH = YES;
				SDKROOT = iphoneos;
				SWIFT_ACTIVE_COMPILATION_CONDITIONS = "DEBUG $(inherited)";
				SWIFT_OPTIMIZATION_LEVEL = "-Onone";
			};
			name = Debug;
		};
		03B087DA2C6C819900E1DD37 /* Release */ = {
			isa = XCBuildConfiguration;
			buildSettings = {
				ALWAYS_SEARCH_USER_PATHS = NO;
				ASSETCATALOG_COMPILER_GENERATE_SWIFT_ASSET_SYMBOL_EXTENSIONS = YES;
				CLANG_ANALYZER_NONNULL = YES;
				CLANG_ANALYZER_NUMBER_OBJECT_CONVERSION = YES_AGGRESSIVE;
				CLANG_CXX_LANGUAGE_STANDARD = "gnu++20";
				CLANG_ENABLE_MODULES = YES;
				CLANG_ENABLE_OBJC_ARC = YES;
				CLANG_ENABLE_OBJC_WEAK = YES;
				CLANG_WARN_BLOCK_CAPTURE_AUTORELEASING = YES;
				CLANG_WARN_BOOL_CONVERSION = YES;
				CLANG_WARN_COMMA = YES;
				CLANG_WARN_CONSTANT_CONVERSION = YES;
				CLANG_WARN_DEPRECATED_OBJC_IMPLEMENTATIONS = YES;
				CLANG_WARN_DIRECT_OBJC_ISA_USAGE = YES_ERROR;
				CLANG_WARN_DOCUMENTATION_COMMENTS = YES;
				CLANG_WARN_EMPTY_BODY = YES;
				CLANG_WARN_ENUM_CONVERSION = YES;
				CLANG_WARN_INFINITE_RECURSION = YES;
				CLANG_WARN_INT_CONVERSION = YES;
				CLANG_WARN_NON_LITERAL_NULL_CONVERSION = YES;
				CLANG_WARN_OBJC_IMPLICIT_RETAIN_SELF = YES;
				CLANG_WARN_OBJC_LITERAL_CONVERSION = YES;
				CLANG_WARN_OBJC_ROOT_CLASS = YES_ERROR;
				CLANG_WARN_QUOTED_INCLUDE_IN_FRAMEWORK_HEADER = YES;
				CLANG_WARN_RANGE_LOOP_ANALYSIS = YES;
				CLANG_WARN_STRICT_PROTOTYPES = YES;
				CLANG_WARN_SUSPICIOUS_MOVE = YES;
				CLANG_WARN_UNGUARDED_AVAILABILITY = YES_AGGRESSIVE;
				CLANG_WARN_UNREACHABLE_CODE = YES;
				CLANG_WARN__DUPLICATE_METHOD_MATCH = YES;
				COPY_PHASE_STRIP = NO;
				DEBUG_INFORMATION_FORMAT = "dwarf-with-dsym";
				ENABLE_NS_ASSERTIONS = NO;
				ENABLE_STRICT_OBJC_MSGSEND = YES;
				ENABLE_USER_SCRIPT_SANDBOXING = YES;
				GCC_C_LANGUAGE_STANDARD = gnu17;
				GCC_NO_COMMON_BLOCKS = YES;
				GCC_WARN_64_TO_32_BIT_CONVERSION = YES;
				GCC_WARN_ABOUT_RETURN_TYPE = YES_ERROR;
				GCC_WARN_UNDECLARED_SELECTOR = YES;
				GCC_WARN_UNINITIALIZED_AUTOS = YES_AGGRESSIVE;
				GCC_WARN_UNUSED_FUNCTION = YES;
				GCC_WARN_UNUSED_VARIABLE = YES;
				IPHONEOS_DEPLOYMENT_TARGET = 17.4;
				LOCALIZATION_PREFERS_STRING_CATALOGS = YES;
				MTL_ENABLE_DEBUG_INFO = NO;
				MTL_FAST_MATH = YES;
				SDKROOT = iphoneos;
				SWIFT_COMPILATION_MODE = wholemodule;
				VALIDATE_PRODUCT = YES;
			};
			name = Release;
		};
		03B087DC2C6C819900E1DD37 /* Debug */ = {
			isa = XCBuildConfiguration;
			buildSettings = {
				ASSETCATALOG_COMPILER_APPICON_NAME = AppIcon;
				ASSETCATALOG_COMPILER_GLOBAL_ACCENT_COLOR_NAME = AccentColor;
				CODE_SIGN_STYLE = Automatic;
				CURRENT_PROJECT_VERSION = 1;
				DEVELOPMENT_ASSET_PATHS = "\"LiveCodingSwiftUI/Preview Content\"";
				DEVELOPMENT_TEAM = A3KR2W68MM;
				ENABLE_PREVIEWS = YES;
				GENERATE_INFOPLIST_FILE = YES;
				INFOPLIST_KEY_UIApplicationSceneManifest_Generation = YES;
				INFOPLIST_KEY_UIApplicationSupportsIndirectInputEvents = YES;
				INFOPLIST_KEY_UILaunchScreen_Generation = YES;
				INFOPLIST_KEY_UISupportedInterfaceOrientations_iPad = "UIInterfaceOrientationPortrait UIInterfaceOrientationPortraitUpsideDown UIInterfaceOrientationLandscapeLeft UIInterfaceOrientationLandscapeRight";
				INFOPLIST_KEY_UISupportedInterfaceOrientations_iPhone = "UIInterfaceOrientationPortrait UIInterfaceOrientationLandscapeLeft UIInterfaceOrientationLandscapeRight";
				LD_RUNPATH_SEARCH_PATHS = (
					"$(inherited)",
					"@executable_path/Frameworks",
				);
				MARKETING_VERSION = 1.0;
				PRODUCT_BUNDLE_IDENTIFIER = com.biigerJaydeestan.LiveCodingSwiftUI;
				PRODUCT_NAME = "$(TARGET_NAME)";
				SWIFT_EMIT_LOC_STRINGS = YES;
				SWIFT_VERSION = 5.0;
				TARGETED_DEVICE_FAMILY = "1,2";
			};
			name = Debug;
		};
		03B087DD2C6C819900E1DD37 /* Release */ = {
			isa = XCBuildConfiguration;
			buildSettings = {
				ASSETCATALOG_COMPILER_APPICON_NAME = AppIcon;
				ASSETCATALOG_COMPILER_GLOBAL_ACCENT_COLOR_NAME = AccentColor;
				CODE_SIGN_STYLE = Automatic;
				CURRENT_PROJECT_VERSION = 1;
				DEVELOPMENT_ASSET_PATHS = "\"LiveCodingSwiftUI/Preview Content\"";
				DEVELOPMENT_TEAM = A3KR2W68MM;
				ENABLE_PREVIEWS = YES;
				GENERATE_INFOPLIST_FILE = YES;
				INFOPLIST_KEY_UIApplicationSceneManifest_Generation = YES;
				INFOPLIST_KEY_UIApplicationSupportsIndirectInputEvents = YES;
				INFOPLIST_KEY_UILaunchScreen_Generation = YES;
				INFOPLIST_KEY_UISupportedInterfaceOrientations_iPad = "UIInterfaceOrientationPortrait UIInterfaceOrientationPortraitUpsideDown UIInterfaceOrientationLandscapeLeft UIInterfaceOrientationLandscapeRight";
				INFOPLIST_KEY_UISupportedInterfaceOrientations_iPhone = "UIInterfaceOrientationPortrait UIInterfaceOrientationLandscapeLeft UIInterfaceOrientationLandscapeRight";
				LD_RUNPATH_SEARCH_PATHS = (
					"$(inherited)",
					"@executable_path/Frameworks",
				);
				MARKETING_VERSION = 1.0;
				PRODUCT_BUNDLE_IDENTIFIER = com.biigerJaydeestan.LiveCodingSwiftUI;
				PRODUCT_NAME = "$(TARGET_NAME)";
				SWIFT_EMIT_LOC_STRINGS = YES;
				SWIFT_VERSION = 5.0;
				TARGETED_DEVICE_FAMILY = "1,2";
			};
			name = Release;
		};
		03B087DF2C6C819900E1DD37 /* Debug */ = {
			isa = XCBuildConfiguration;
			buildSettings = {
				ALWAYS_EMBED_SWIFT_STANDARD_LIBRARIES = YES;
				BUNDLE_LOADER = "$(TEST_HOST)";
				CODE_SIGN_STYLE = Automatic;
				CURRENT_PROJECT_VERSION = 1;
				DEVELOPMENT_TEAM = A3KR2W68MM;
				GENERATE_INFOPLIST_FILE = YES;
				IPHONEOS_DEPLOYMENT_TARGET = 17.4;
				MARKETING_VERSION = 1.0;
				PRODUCT_BUNDLE_IDENTIFIER = com.biigerJaydeestan.LiveCodingSwiftUITests;
				PRODUCT_NAME = "$(TARGET_NAME)";
				SWIFT_EMIT_LOC_STRINGS = NO;
				SWIFT_VERSION = 5.0;
				TARGETED_DEVICE_FAMILY = "1,2";
				TEST_HOST = "$(BUILT_PRODUCTS_DIR)/LiveCodingSwiftUI.app/$(BUNDLE_EXECUTABLE_FOLDER_PATH)/LiveCodingSwiftUI";
			};
			name = Debug;
		};
		03B087E02C6C819900E1DD37 /* Release */ = {
			isa = XCBuildConfiguration;
			buildSettings = {
				ALWAYS_EMBED_SWIFT_STANDARD_LIBRARIES = YES;
				BUNDLE_LOADER = "$(TEST_HOST)";
				CODE_SIGN_STYLE = Automatic;
				CURRENT_PROJECT_VERSION = 1;
				DEVELOPMENT_TEAM = A3KR2W68MM;
				GENERATE_INFOPLIST_FILE = YES;
				IPHONEOS_DEPLOYMENT_TARGET = 17.4;
				MARKETING_VERSION = 1.0;
				PRODUCT_BUNDLE_IDENTIFIER = com.biigerJaydeestan.LiveCodingSwiftUITests;
				PRODUCT_NAME = "$(TARGET_NAME)";
				SWIFT_EMIT_LOC_STRINGS = NO;
				SWIFT_VERSION = 5.0;
				TARGETED_DEVICE_FAMILY = "1,2";
				TEST_HOST = "$(BUILT_PRODUCTS_DIR)/LiveCodingSwiftUI.app/$(BUNDLE_EXECUTABLE_FOLDER_PATH)/LiveCodingSwiftUI";
			};
			name = Release;
		};
		03B087E22C6C819900E1DD37 /* Debug */ = {
			isa = XCBuildConfiguration;
			buildSettings = {
				ALWAYS_EMBED_SWIFT_STANDARD_LIBRARIES = YES;
				CODE_SIGN_STYLE = Automatic;
				CURRENT_PROJECT_VERSION = 1;
				DEVELOPMENT_TEAM = A3KR2W68MM;
				GENERATE_INFOPLIST_FILE = YES;
				MARKETING_VERSION = 1.0;
				PRODUCT_BUNDLE_IDENTIFIER = com.biigerJaydeestan.LiveCodingSwiftUIUITests;
				PRODUCT_NAME = "$(TARGET_NAME)";
				SWIFT_EMIT_LOC_STRINGS = NO;
				SWIFT_VERSION = 5.0;
				TARGETED_DEVICE_FAMILY = "1,2";
				TEST_TARGET_NAME = LiveCodingSwiftUI;
			};
			name = Debug;
		};
		03B087E32C6C819900E1DD37 /* Release */ = {
			isa = XCBuildConfiguration;
			buildSettings = {
				ALWAYS_EMBED_SWIFT_STANDARD_LIBRARIES = YES;
				CODE_SIGN_STYLE = Automatic;
				CURRENT_PROJECT_VERSION = 1;
				DEVELOPMENT_TEAM = A3KR2W68MM;
				GENERATE_INFOPLIST_FILE = YES;
				MARKETING_VERSION = 1.0;
				PRODUCT_BUNDLE_IDENTIFIER = com.biigerJaydeestan.LiveCodingSwiftUIUITests;
				PRODUCT_NAME = "$(TARGET_NAME)";
				SWIFT_EMIT_LOC_STRINGS = NO;
				SWIFT_VERSION = 5.0;
				TARGETED_DEVICE_FAMILY = "1,2";
				TEST_TARGET_NAME = LiveCodingSwiftUI;
			};
			name = Release;
		};
/* End XCBuildConfiguration section */

/* Begin XCConfigurationList section */
		03B087B22C6C819700E1DD37 /* Build configuration list for PBXProject "LiveCodingSwiftUI" */ = {
			isa = XCConfigurationList;
			buildConfigurations = (
				03B087D92C6C819900E1DD37 /* Debug */,
				03B087DA2C6C819900E1DD37 /* Release */,
			);
			defaultConfigurationIsVisible = 0;
			defaultConfigurationName = Release;
		};
		03B087DB2C6C819900E1DD37 /* Build configuration list for PBXNativeTarget "LiveCodingSwiftUI" */ = {
			isa = XCConfigurationList;
			buildConfigurations = (
				03B087DC2C6C819900E1DD37 /* Debug */,
				03B087DD2C6C819900E1DD37 /* Release */,
			);
			defaultConfigurationIsVisible = 0;
			defaultConfigurationName = Release;
		};
		03B087DE2C6C819900E1DD37 /* Build configuration list for PBXNativeTarget "LiveCodingSwiftUITests" */ = {
			isa = XCConfigurationList;
			buildConfigurations = (
				03B087DF2C6C819900E1DD37 /* Debug */,
				03B087E02C6C819900E1DD37 /* Release */,
			);
			defaultConfigurationIsVisible = 0;
			defaultConfigurationName = Release;
		};
		03B087E12C6C819900E1DD37 /* Build configuration list for PBXNativeTarget "LiveCodingSwiftUIUITests" */ = {
			isa = XCConfigurationList;
			buildConfigurations = (
				03B087E22C6C819900E1DD37 /* Debug */,
				03B087E32C6C819900E1DD37 /* Release */,
			);
			defaultConfigurationIsVisible = 0;
			defaultConfigurationName = Release;
		};
/* End XCConfigurationList section */
	};
	rootObject = 03B087AF2C6C819700E1DD37 /* Project object */;
}
